
Microsoft Visual Studio Solution File, Format Version 12.00
# Visual Studio 15
VisualStudioVersion = 15.0.27130.2010
MinimumVisualStudioVersion = 10.0.40219.1
Project("{FAE04EC0-301F-11D3-BF4B-00C04F79EFBC}") = "EventPlannerNovi", "EventPlannerNovi\EventPlannerNovi.csproj", "{59177D05-352E-42F9-9A6D-EEC99196E81C}"
EndProject
Global
	GlobalSection(SolutionConfigurationPlatforms) = preSolution
		Debug|ARM = Debug|ARM
		Debug|x64 = Debug|x64
		Debug|x86 = Debug|x86
		Release|ARM = Release|ARM
		Release|x64 = Release|x64
		Release|x86 = Release|x86
	EndGlobalSection
	GlobalSection(ProjectConfigurationPlatforms) = postSolution
		{59177D05-352E-42F9-9A6D-EEC99196E81C}.Debug|ARM.ActiveCfg = Debug|ARM
		{59177D05-352E-42F9-9A6D-EEC99196E81C}.Debug|ARM.Build.0 = Debug|ARM
		{59177D05-352E-42F9-9A6D-EEC99196E81C}.Debug|ARM.Deploy.0 = Debug|ARM
		{59177D05-352E-42F9-9A6D-EEC99196E81C}.Debug|x64.ActiveCfg = Debug|x64
		{59177D05-352E-42F9-9A6D-EEC99196E81C}.Debug|x64.Build.0 = Debug|x64
		{59177D05-352E-42F9-9A6D-EEC99196E81C}.Debug|x64.Deploy.0 = Debug|x64
		{59177D05-352E-42F9-9A6D-EEC99196E81C}.Debug|x86.ActiveCfg = Debug|x86
		{59177D05-352E-42F9-9A6D-EEC99196E81C}.Debug|x86.Build.0 = Debug|x86
		{59177D05-352E-42F9-9A6D-EEC99196E81C}.Debug|x86.Deploy.0 = Debug|x86
		{59177D05-352E-42F9-9A6D-EEC99196E81C}.Release|ARM.ActiveCfg = Release|ARM
		{59177D05-352E-42F9-9A6D-EEC99196E81C}.Release|ARM.Build.0 = Release|ARM
		{59177D05-352E-42F9-9A6D-EEC99196E81C}.Release|ARM.Deploy.0 = Release|ARM
		{59177D05-352E-42F9-9A6D-EEC99196E81C}.Release|x64.ActiveCfg = Release|x64
		{59177D05-352E-42F9-9A6D-EEC99196E81C}.Release|x64.Build.0 = Release|x64
		{59177D05-352E-42F9-9A6D-EEC99196E81C}.Release|x64.Deploy.0 = Release|x64
		{59177D05-352E-42F9-9A6D-EEC99196E81C}.Release|x86.ActiveCfg = Release|x86
		{59177D05-352E-42F9-9A6D-EEC99196E81C}.Release|x86.Build.0 = Release|x86
		{59177D05-352E-42F9-9A6D-EEC99196E81C}.Release|x86.Deploy.0 = Release|x86
	EndGlobalSection
	GlobalSection(SolutionProperties) = preSolution
		HideSolutionNode = FALSE
	EndGlobalSection
	GlobalSection(ExtensibilityGlobals) = postSolution
		SolutionGuid = {3463BA32-A23B-4EA8-B621-B1DA3F487985}
	EndGlobalSection
EndGlobal
